
Microsoft Visual Studio Solution File, Format Version 12.00
# Visual Studio Version 16
VisualStudioVersion = 16.0.35130.168
MinimumVisualStudioVersion = 10.0.40219.1
Project("{FAE04EC0-301F-11D3-BF4B-00C04F79EFBC}") = "ceva4", "ceva4\ceva4.csproj", "{C2C30FC2-8DFA-4D04-B668-A8C9D989800E}"
EndProject
Global
	GlobalSection(SolutionConfigurationPlatforms) = preSolution
		Debug|Any CPU = Debug|Any CPU
		Release|Any CPU = Release|Any CPU
	EndGlobalSection
	GlobalSection(ProjectConfigurationPlatforms) = postSolution
		{C2C30FC2-8DFA-4D04-B668-A8C9D989800E}.Debug|Any CPU.ActiveCfg = Debug|Any CPU
		{C2C30FC2-8DFA-4D04-B668-A8C9D989800E}.Debug|Any CPU.Build.0 = Debug|Any CPU
		{C2C30FC2-8DFA-4D04-B668-A8C9D989800E}.Release|Any CPU.ActiveCfg = Release|Any CPU
		{C2C30FC2-8DFA-4D04-B668-A8C9D989800E}.Release|Any CPU.Build.0 = Release|Any CPU
	EndGlobalSection
	GlobalSection(SolutionProperties) = preSolution
		HideSolutionNode = FALSE
	EndGlobalSection
	GlobalSection(ExtensibilityGlobals) = postSolution
		SolutionGuid = {4E4A40D9-00D8-4691-AF6E-E6D424444D2C}
	EndGlobalSection
EndGlobal
