
Microsoft Visual Studio Solution File, Format Version 12.00
# Visual Studio Version 16
VisualStudioVersion = 16.0.35130.168
MinimumVisualStudioVersion = 10.0.40219.1
Project("{FAE04EC0-301F-11D3-BF4B-00C04F79EFBC}") = "calculator", "calculator\calculator.csproj", "{9EC7AD2E-9D5F-4CA9-9946-C9EBF23590FC}"
EndProject
Global
	GlobalSection(SolutionConfigurationPlatforms) = preSolution
		Debug|Any CPU = Debug|Any CPU
		Release|Any CPU = Release|Any CPU
	EndGlobalSection
	GlobalSection(ProjectConfigurationPlatforms) = postSolution
		{9EC7AD2E-9D5F-4CA9-9946-C9EBF23590FC}.Debug|Any CPU.ActiveCfg = Debug|Any CPU
		{9EC7AD2E-9D5F-4CA9-9946-C9EBF23590FC}.Debug|Any CPU.Build.0 = Debug|Any CPU
		{9EC7AD2E-9D5F-4CA9-9946-C9EBF23590FC}.Release|Any CPU.ActiveCfg = Release|Any CPU
		{9EC7AD2E-9D5F-4CA9-9946-C9EBF23590FC}.Release|Any CPU.Build.0 = Release|Any CPU
	EndGlobalSection
	GlobalSection(SolutionProperties) = preSolution
		HideSolutionNode = FALSE
	EndGlobalSection
	GlobalSection(ExtensibilityGlobals) = postSolution
		SolutionGuid = {EA30EDC6-C291-42A7-874B-0F8DAD69D45A}
	EndGlobalSection
EndGlobal
