
Microsoft Visual Studio Solution File, Format Version 12.00
# Visual Studio Version 16
VisualStudioVersion = 16.0.35130.168
MinimumVisualStudioVersion = 10.0.40219.1
Project("{FAE04EC0-301F-11D3-BF4B-00C04F79EFBC}") = "ceva1", "ceva1\ceva1.csproj", "{9EADD7B0-B723-46D6-9148-F5D2FCF32792}"
EndProject
Global
	GlobalSection(SolutionConfigurationPlatforms) = preSolution
		Debug|Any CPU = Debug|Any CPU
		Release|Any CPU = Release|Any CPU
	EndGlobalSection
	GlobalSection(ProjectConfigurationPlatforms) = postSolution
		{9EADD7B0-B723-46D6-9148-F5D2FCF32792}.Debug|Any CPU.ActiveCfg = Debug|Any CPU
		{9EADD7B0-B723-46D6-9148-F5D2FCF32792}.Debug|Any CPU.Build.0 = Debug|Any CPU
		{9EADD7B0-B723-46D6-9148-F5D2FCF32792}.Release|Any CPU.ActiveCfg = Release|Any CPU
		{9EADD7B0-B723-46D6-9148-F5D2FCF32792}.Release|Any CPU.Build.0 = Release|Any CPU
	EndGlobalSection
	GlobalSection(SolutionProperties) = preSolution
		HideSolutionNode = FALSE
	EndGlobalSection
	GlobalSection(ExtensibilityGlobals) = postSolution
		SolutionGuid = {B12B6DEA-794F-40F7-A0C9-FFA276D015B0}
	EndGlobalSection
EndGlobal
